{
  "originHash" : "73fc14807c597113bf511e9afa2c9ce61fc1f763eecafd465407fe35f1228b71",
  "pins" : [
    {
      "identity" : "swift-bit",
      "kind" : "remoteSourceControl",
      "location" : "https://github.com/swift-atoms/swift-bit.git",
      "state" : {
        "branch" : "main",
        "revision" : "08ff87ced8478fc8385218093650d4727d960870"
      }
    },
    {
      "identity" : "swift-byte",
      "kind" : "remoteSourceControl",
      "location" : "https://github.com/swift-atoms/swift-byte.git",
      "state" : {
        "branch" : "main",
        "revision" : "3150be1c4aeaf2f5a05dcfe784edd82bd8f23e9d"
      }
    },
    {
      "identity" : "swift-cardinal",
      "kind" : "remoteSourceControl",
      "location" : "https://github.com/swift-atoms/swift-cardinal.git",
      "state" : {
        "branch" : "main",
        "revision" : "29bd8ab3537dd48d2f9b28bc8dec71c523636d3c"
      }
    },
    {
      "identity" : "swift-carrier",
      "kind" : "remoteSourceControl",
      "location" : "https://github.com/swift-atoms/swift-carrier.git",
      "state" : {
        "branch" : "main",
        "revision" : "da4fca3a867619948a222ae00aef73657e135ea3"
      }
    },
    {
      "identity" : "swift-comparison",
      "kind" : "remoteSourceControl",
      "location" : "https://github.com/swift-atoms/swift-comparison.git",
      "state" : {
        "branch" : "main",
        "revision" : "07aeed4125ea4db38663a06a97a681504d07b24b"
      }
    },
    {
      "identity" : "swift-either",
      "kind" : "remoteSourceControl",
      "location" : "https://github.com/swift-atoms/swift-either.git",
      "state" : {
        "branch" : "main",
        "revision" : "5f3a8996cd3c7da2250706fb5230b2456a5f5b31"
      }
    },
    {
      "identity" : "swift-equation",
      "kind" : "remoteSourceControl",
      "location" : "https://github.com/swift-atoms/swift-equation.git",
      "state" : {
        "branch" : "main",
        "revision" : "5fd623c1036516352e10be12ebcf6bbaac51bae3"
      }
    },
    {
      "identity" : "swift-finite",
      "kind" : "remoteSourceControl",
      "location" : "https://github.com/swift-atoms/swift-finite.git",
      "state" : {
        "branch" : "main",
        "revision" : "f9bbc2c826963c1660bf56d345b780727af09796"
      }
    },
    {
      "identity" : "swift-hash",
      "kind" : "remoteSourceControl",
      "location" : "https://github.com/swift-atoms/swift-hash.git",
      "state" : {
        "branch" : "main",
        "revision" : "d0af5e43ca7077736b2fb6d7720cec7ddd62f2eb"
      }
    },
    {
      "identity" : "swift-index",
      "kind" : "remoteSourceControl",
      "location" : "https://github.com/swift-atoms/swift-index.git",
      "state" : {
        "branch" : "main",
        "revision" : "fc4d350908ed06fd18501709e50fc26464e56aa8"
      }
    },
    {
      "identity" : "swift-iterator",
      "kind" : "remoteSourceControl",
      "location" : "https://github.com/swift-atoms/swift-iterator.git",
      "state" : {
        "branch" : "main",
        "revision" : "cbefdcedbbd10df62bb5acd07a23a9b5ec92b120"
      }
    },
    {
      "identity" : "swift-ordinal",
      "kind" : "remoteSourceControl",
      "location" : "https://github.com/swift-atoms/swift-ordinal.git",
      "state" : {
        "branch" : "main",
        "revision" : "55a8373d629a420b41e9927d7ed30ae7c84283b6"
      }
    },
    {
      "identity" : "swift-ownership",
      "kind" : "remoteSourceControl",
      "location" : "https://github.com/swift-atoms/swift-ownership.git",
      "state" : {
        "branch" : "main",
        "revision" : "0b3ceae68d4a6c5afefba8a54ebaff3e233cfc4b"
      }
    },
    {
      "identity" : "swift-predicate",
      "kind" : "remoteSourceControl",
      "location" : "https://github.com/swift-atoms/swift-predicate.git",
      "state" : {
        "branch" : "main",
        "revision" : "863ffb81a138704f54c587c7cfdf6f42af64ccd9"
      }
    },
    {
      "identity" : "swift-property",
      "kind" : "remoteSourceControl",
      "location" : "https://github.com/swift-atoms/swift-property.git",
      "state" : {
        "branch" : "main",
        "revision" : "461859f39c5235aa1af4818cd20a76b572057224"
      }
    },
    {
      "identity" : "swift-serializer",
      "kind" : "remoteSourceControl",
      "location" : "https://github.com/swift-atoms/swift-serializer.git",
      "state" : {
        "branch" : "main",
        "revision" : "43afad9eec0de8d695e03346ed64016fa1056e08"
      }
    },
    {
      "identity" : "swift-tagged",
      "kind" : "remoteSourceControl",
      "location" : "https://github.com/swift-atoms/swift-tagged.git",
      "state" : {
        "branch" : "main",
        "revision" : "8801f81bb913f368e142de5acf463a91d9ed10f1"
      }
    },
    {
      "identity" : "swift-time",
      "kind" : "remoteSourceControl",
      "location" : "https://github.com/swift-atoms/swift-time.git",
      "state" : {
        "branch" : "main",
        "revision" : "0f071bce79e81d9b73192d8d5612b16f638012f0"
      }
    },
    {
      "identity" : "swift-version",
      "kind" : "remoteSourceControl",
      "location" : "https://github.com/swift-atoms/swift-version.git",
      "state" : {
        "branch" : "main",
        "revision" : "f961191aa7da0c94fc4e0191d943b288d9d6f017"
      }
    }
  ],
  "version" : 3
}
